
Microsoft Visual Studio Solution File, Format Version 12.00
# Visual Studio Version 17
VisualStudioVersion = 17.12.35707.178
MinimumVisualStudioVersion = 10.0.40219.1
Project("{2150E333-8FDC-42A3-9474-1A3956D46DE8}") = "FrontEnd", "FrontEnd", "{FE74F7DA-02BD-4745-A298-83ACC3EC5033}"
EndProject
Project("{2150E333-8FDC-42A3-9474-1A3956D46DE8}") = "Gateway", "Gateway", "{F41DD400-28F3-4EF9-87B0-881CBE537859}"
EndProject
Project("{2150E333-8FDC-42A3-9474-1A3956D46DE8}") = "Integration", "Integration", "{E16733AA-3326-4E74-A8A5-960CD34A0825}"
EndProject
Project("{2150E333-8FDC-42A3-9474-1A3956D46DE8}") = "Services", "Services", "{F5D97BF2-FACA-40C4-A4D9-A84207D7F22B}"
EndProject
Project("{2150E333-8FDC-42A3-9474-1A3956D46DE8}") = "Coupon", "Coupon", "{00795A38-D0B2-4B9E-B910-C83CFB2B21BC}"
EndProject
Project("{FAE04EC0-301F-11D3-BF4B-00C04F79EFBC}") = "Personal.Shopping.Services.Coupon.Api", "Services\Coupon\Personal.Shopping.Services.Coupon.Api\Personal.Shopping.Services.Coupon.Api.csproj", "{0A9666C0-77A9-4A75-BE9C-F631F99DB905}"
EndProject
Project("{FAE04EC0-301F-11D3-BF4B-00C04F79EFBC}") = "Personal.Shopping.Services.Coupon.Infra", "Services\Coupon\Personal.Shopping.Services.Coupon.Infra\Personal.Shopping.Services.Coupon.Infra.csproj", "{4CD8BE4F-6422-4DA0-9202-C9AB97996EBD}"
EndProject
Project("{FAE04EC0-301F-11D3-BF4B-00C04F79EFBC}") = "Personal.Shopping.Services.Coupon.Domain", "Services\Coupon\Personal.Shopping.Services.Coupon.Domain\Personal.Shopping.Services.Coupon.Domain.csproj", "{3D107782-8E8C-4CB6-BB6F-91DBE3CC6373}"
EndProject
Project("{FAE04EC0-301F-11D3-BF4B-00C04F79EFBC}") = "Personal.Shopping.Services.Coupon.Application", "Services\Coupon\Personal.Shopping.Services.Coupon.Application\Personal.Shopping.Services.Coupon.Application.csproj", "{35050BC6-1C48-454A-A139-957F30D65BCA}"
EndProject
Project("{FAE04EC0-301F-11D3-BF4B-00C04F79EFBC}") = "Personal.Shopping.Web", "FrontEnd\Personal.Shopping.Web\Personal.Shopping.Web.csproj", "{287FBDAE-8EEA-4E42-86AC-55C9E6142777}"
EndProject
Project("{2150E333-8FDC-42A3-9474-1A3956D46DE8}") = "Auth", "Auth", "{FAAB399E-39EE-4E3B-85C6-396AA833820E}"
EndProject
Project("{FAE04EC0-301F-11D3-BF4B-00C04F79EFBC}") = "Personal.Shopping.Services.Auth.Api", "Services\Auth\Personal.Shopping.Services.Auth.Api\Personal.Shopping.Services.Auth.Api.csproj", "{D127C54C-807A-4E5D-8797-55B27E173224}"
EndProject
Project("{FAE04EC0-301F-11D3-BF4B-00C04F79EFBC}") = "Personal.Shopping.Services.Auth.Infra", "Services\Auth\Personal.Shopping.Services.Auth.Infra\Personal.Shopping.Services.Auth.Infra.csproj", "{84337E84-9875-4D54-A4D8-8DC223BE7701}"
EndProject
Project("{2150E333-8FDC-42A3-9474-1A3956D46DE8}") = "Product", "Product", "{F74388E4-D9D5-466B-97FB-FB4C1807CD1D}"
EndProject
Project("{FAE04EC0-301F-11D3-BF4B-00C04F79EFBC}") = "Personal.Shopping.Services.Product.Api", "Services\Product\Personal.Shopping.Services.Product.Api\Personal.Shopping.Services.Product.Api.csproj", "{C1A43993-375E-4364-9F7F-0C85120E44AB}"
EndProject
Project("{FAE04EC0-301F-11D3-BF4B-00C04F79EFBC}") = "Personal.Shopping.Services.Product.Domain", "Services\Product\Personal.Shopping.Services.Product.Domain\Personal.Shopping.Services.Product.Domain.csproj", "{FE44CB6C-91E3-432E-BCB6-B1F42473BDE4}"
EndProject
Project("{FAE04EC0-301F-11D3-BF4B-00C04F79EFBC}") = "Personal.Shopping.Services.Product.Infra", "Services\Product\Personal.Shopping.Services.Product.Infra\Personal.Shopping.Services.Product.Infra.csproj", "{7E6CC788-BCB0-45C7-A26B-61CF0994FA2C}"
EndProject
Project("{FAE04EC0-301F-11D3-BF4B-00C04F79EFBC}") = "Personal.Shopping.Services.Product.Application", "Services\Product\Personal.Shopping.Services.Product.Application\Personal.Shopping.Services.Product.Application.csproj", "{48DEC75B-7908-4175-804A-2534557C1D04}"
EndProject
Project("{2150E333-8FDC-42A3-9474-1A3956D46DE8}") = "ShoppingCart", "ShoppingCart", "{5EC1E687-65ED-4609-AB7D-31FCD28C03E2}"
EndProject
Project("{FAE04EC0-301F-11D3-BF4B-00C04F79EFBC}") = "Personal.Shopping.Services.ShoppingCart.Api", "Services\ShoppingCart\Personal.Shopping.Services.ShoppingCart.Api\Personal.Shopping.Services.ShoppingCart.Api.csproj", "{47A9DFDE-55F8-4FF3-93DF-B765212BD4F0}"
EndProject
Project("{FAE04EC0-301F-11D3-BF4B-00C04F79EFBC}") = "Personal.Shopping.Services.ShoppingCart.Domain", "Services\ShoppingCart\Personal.Shopping.Services.ShoppingCart.Domain\Personal.Shopping.Services.ShoppingCart.Domain.csproj", "{4EE670E6-FE67-4D23-A7F2-BDCEF5F6439B}"
EndProject
Project("{FAE04EC0-301F-11D3-BF4B-00C04F79EFBC}") = "Personal.Shopping.Services.ShoppingCart.Infra", "Services\ShoppingCart\Personal.Shopping.Services.ShoppingCart.Infra\Personal.Shopping.Services.ShoppingCart.Infra.csproj", "{AC2C4D20-F884-41BF-AFF6-4C93AE7D0B70}"
EndProject
Project("{FAE04EC0-301F-11D3-BF4B-00C04F79EFBC}") = "Personal.Shopping.Services.ShoppingCart.Application", "Services\ShoppingCart\Personal.Shopping.Services.ShoppingCart.Application\Personal.Shopping.Services.ShoppingCart.Application.csproj", "{35CDBF6C-B899-4DC5-84F2-19CC943B677B}"
EndProject
Project("{FAE04EC0-301F-11D3-BF4B-00C04F79EFBC}") = "Personal.Shopping.Integration.MessageBus", "Integration\MessageBus\Personal.Shopping.Integration.MessageBus\Personal.Shopping.Integration.MessageBus.csproj", "{17E582FA-2C55-4538-9645-109199FD633E}"
EndProject
Project("{2150E333-8FDC-42A3-9474-1A3956D46DE8}") = "Email", "Email", "{171A0FB6-F22F-46DC-8D7B-428E284974A7}"
EndProject
Project("{FAE04EC0-301F-11D3-BF4B-00C04F79EFBC}") = "Personal.Shopping.Services.Email.Api", "Services\Email\Personal.Shopping.Services.Email.Api\Personal.Shopping.Services.Email.Api.csproj", "{6CD1B881-CDC1-41D5-86EC-8ECCBA67C814}"
EndProject
Project("{FAE04EC0-301F-11D3-BF4B-00C04F79EFBC}") = "Personal.Shopping.Services.Email.Domain", "Services\Email\Personal.Shopping.Services.Email.Domain\Personal.Shopping.Services.Email.Domain.csproj", "{789A0A23-4C99-4C90-8D05-7B5C2C19CC43}"
EndProject
Project("{FAE04EC0-301F-11D3-BF4B-00C04F79EFBC}") = "Personal.Shopping.Services.Email.Infra", "Services\Email\Personal.Shopping.Services.Email.Infra\Personal.Shopping.Services.Email.Infra.csproj", "{64840F8F-9F0B-4BC2-9DBC-6B3CA011CBAC}"
EndProject
Project("{FAE04EC0-301F-11D3-BF4B-00C04F79EFBC}") = "Personal.Shopping.Services.Email.Application", "Services\Email\Personal.Shopping.Services.Email.Application\Personal.Shopping.Services.Email.Application.csproj", "{5DA5FF1C-3148-4DAB-860E-D2C106473C74}"
EndProject
Project("{2150E333-8FDC-42A3-9474-1A3956D46DE8}") = "Order", "Order", "{4A3A6185-8926-4B21-A91A-C32706A410B2}"
EndProject
Project("{FAE04EC0-301F-11D3-BF4B-00C04F79EFBC}") = "Personal.Shopping.Services.Order.Api", "Services\Order\Personal.Shopping.Services.Order.Api\Personal.Shopping.Services.Order.Api.csproj", "{29570B41-50F4-4CD6-BE9A-9DAE90E4B24E}"
EndProject
Project("{FAE04EC0-301F-11D3-BF4B-00C04F79EFBC}") = "Personal.Shopping.Services.Order.Application", "Services\Order\Personal.Shopping.Services.Order.Application\Personal.Shopping.Services.Order.Application.csproj", "{155CCB36-0542-490B-BB9F-AEE337D0CBCB}"
EndProject
Project("{FAE04EC0-301F-11D3-BF4B-00C04F79EFBC}") = "Personal.Shopping.Services.Order.Infra", "Services\Order\Personal.Shopping.Services.Order.Infra\Personal.Shopping.Services.Order.Infra.csproj", "{6A09B221-00C2-4EB6-B445-8350F16B7297}"
EndProject
Project("{FAE04EC0-301F-11D3-BF4B-00C04F79EFBC}") = "Personal.Shopping.Services.Order.Domain", "Services\Order\Personal.Shopping.Services.Order.Domain\Personal.Shopping.Services.Order.Domain.csproj", "{8C849D28-52A1-43C4-A60C-B38FEED18F44}"
EndProject
Project("{2150E333-8FDC-42A3-9474-1A3956D46DE8}") = "Reward", "Reward", "{DAB753D2-1A79-46FE-9C10-BFF3D002FF03}"
EndProject
Project("{FAE04EC0-301F-11D3-BF4B-00C04F79EFBC}") = "Personal.Shopping.Services.Reward.Api", "Services\Reward\Personal.Shopping.Services.Reward.Api\Personal.Shopping.Services.Reward.Api.csproj", "{220FEBC0-0B47-40C3-8374-0ADF686348AE}"
EndProject
Project("{FAE04EC0-301F-11D3-BF4B-00C04F79EFBC}") = "Personal.Shopping.Services.Reward.Domain", "Services\Reward\Personal.Shopping.Services.Reward.Domain\Personal.Shopping.Services.Reward.Domain.csproj", "{342AE806-B104-4BF5-9C7D-D8F9DC3D36A0}"
EndProject
Project("{FAE04EC0-301F-11D3-BF4B-00C04F79EFBC}") = "Personal.Shopping.Services.Reward.Infra", "Services\Reward\Personal.Shopping.Services.Reward.Infra\Personal.Shopping.Services.Reward.Infra.csproj", "{A002FD0E-C056-4CE5-9E3B-C84EC089CBAB}"
EndProject
Project("{FAE04EC0-301F-11D3-BF4B-00C04F79EFBC}") = "Personal.Shopping.Services.Reward.Application", "Services\Reward\Personal.Shopping.Services.Reward.Application\Personal.Shopping.Services.Reward.Application.csproj", "{BC8721A9-2CA1-4CEF-8CD4-1E0365D57678}"
EndProject
Project("{FAE04EC0-301F-11D3-BF4B-00C04F79EFBC}") = "Personal.Shopping.Manager.Web", "FrontEnd\Personal.Shopping.Manager.Web\Personal.Shopping.Manager.Web.csproj", "{7EBB3FDC-C42B-4E53-899C-CBF666E065B0}"
EndProject
Project("{FAE04EC0-301F-11D3-BF4B-00C04F79EFBC}") = "Personal.Shopping.Services.Reward.Worker", "Services\Reward\Personal.Shopping.Services.Reward.Worker\Personal.Shopping.Services.Reward.Worker.csproj", "{AF5A46AF-7BCD-403C-BEB8-10BF22908D97}"
EndProject
Project("{FAE04EC0-301F-11D3-BF4B-00C04F79EFBC}") = "Personal.Shopping.OrderManager.Web", "FrontEnd\Personal.Shopping.OrderManager.Web\Personal.Shopping.OrderManager.Web.csproj", "{76DAB80B-716A-4FC3-B192-78D4C3FDF214}"
EndProject
Project("{FAE04EC0-301F-11D3-BF4B-00C04F79EFBC}") = "Personal.Shopping.GatewaySolution", "Gateway\Personal.Shopping.GatewaySolution\Personal.Shopping.GatewaySolution.csproj", "{FFC1061E-B1BF-4C40-9023-D515D1CE70FC}"
EndProject
Global
	GlobalSection(SolutionConfigurationPlatforms) = preSolution
		Debug|Any CPU = Debug|Any CPU
		Release|Any CPU = Release|Any CPU
	EndGlobalSection
	GlobalSection(ProjectConfigurationPlatforms) = postSolution
		{0A9666C0-77A9-4A75-BE9C-F631F99DB905}.Debug|Any CPU.ActiveCfg = Debug|Any CPU
		{0A9666C0-77A9-4A75-BE9C-F631F99DB905}.Debug|Any CPU.Build.0 = Debug|Any CPU
		{0A9666C0-77A9-4A75-BE9C-F631F99DB905}.Release|Any CPU.ActiveCfg = Release|Any CPU
		{0A9666C0-77A9-4A75-BE9C-F631F99DB905}.Release|Any CPU.Build.0 = Release|Any CPU
		{4CD8BE4F-6422-4DA0-9202-C9AB97996EBD}.Debug|Any CPU.ActiveCfg = Debug|Any CPU
		{4CD8BE4F-6422-4DA0-9202-C9AB97996EBD}.Debug|Any CPU.Build.0 = Debug|Any CPU
		{4CD8BE4F-6422-4DA0-9202-C9AB97996EBD}.Release|Any CPU.ActiveCfg = Release|Any CPU
		{4CD8BE4F-6422-4DA0-9202-C9AB97996EBD}.Release|Any CPU.Build.0 = Release|Any CPU
		{3D107782-8E8C-4CB6-BB6F-91DBE3CC6373}.Debug|Any CPU.ActiveCfg = Debug|Any CPU
		{3D107782-8E8C-4CB6-BB6F-91DBE3CC6373}.Debug|Any CPU.Build.0 = Debug|Any CPU
		{3D107782-8E8C-4CB6-BB6F-91DBE3CC6373}.Release|Any CPU.ActiveCfg = Release|Any CPU
		{3D107782-8E8C-4CB6-BB6F-91DBE3CC6373}.Release|Any CPU.Build.0 = Release|Any CPU
		{35050BC6-1C48-454A-A139-957F30D65BCA}.Debug|Any CPU.ActiveCfg = Debug|Any CPU
		{35050BC6-1C48-454A-A139-957F30D65BCA}.Debug|Any CPU.Build.0 = Debug|Any CPU
		{35050BC6-1C48-454A-A139-957F30D65BCA}.Release|Any CPU.ActiveCfg = Release|Any CPU
		{35050BC6-1C48-454A-A139-957F30D65BCA}.Release|Any CPU.Build.0 = Release|Any CPU
		{287FBDAE-8EEA-4E42-86AC-55C9E6142777}.Debug|Any CPU.ActiveCfg = Debug|Any CPU
		{287FBDAE-8EEA-4E42-86AC-55C9E6142777}.Debug|Any CPU.Build.0 = Debug|Any CPU
		{287FBDAE-8EEA-4E42-86AC-55C9E6142777}.Release|Any CPU.ActiveCfg = Release|Any CPU
		{287FBDAE-8EEA-4E42-86AC-55C9E6142777}.Release|Any CPU.Build.0 = Release|Any CPU
		{D127C54C-807A-4E5D-8797-55B27E173224}.Debug|Any CPU.ActiveCfg = Debug|Any CPU
		{D127C54C-807A-4E5D-8797-55B27E173224}.Debug|Any CPU.Build.0 = Debug|Any CPU
		{D127C54C-807A-4E5D-8797-55B27E173224}.Release|Any CPU.ActiveCfg = Release|Any CPU
		{D127C54C-807A-4E5D-8797-55B27E173224}.Release|Any CPU.Build.0 = Release|Any CPU
		{84337E84-9875-4D54-A4D8-8DC223BE7701}.Debug|Any CPU.ActiveCfg = Debug|Any CPU
		{84337E84-9875-4D54-A4D8-8DC223BE7701}.Debug|Any CPU.Build.0 = Debug|Any CPU
		{84337E84-9875-4D54-A4D8-8DC223BE7701}.Release|Any CPU.ActiveCfg = Release|Any CPU
		{84337E84-9875-4D54-A4D8-8DC223BE7701}.Release|Any CPU.Build.0 = Release|Any CPU
		{C1A43993-375E-4364-9F7F-0C85120E44AB}.Debug|Any CPU.ActiveCfg = Debug|Any CPU
		{C1A43993-375E-4364-9F7F-0C85120E44AB}.Debug|Any CPU.Build.0 = Debug|Any CPU
		{C1A43993-375E-4364-9F7F-0C85120E44AB}.Release|Any CPU.ActiveCfg = Release|Any CPU
		{C1A43993-375E-4364-9F7F-0C85120E44AB}.Release|Any CPU.Build.0 = Release|Any CPU
		{FE44CB6C-91E3-432E-BCB6-B1F42473BDE4}.Debug|Any CPU.ActiveCfg = Debug|Any CPU
		{FE44CB6C-91E3-432E-BCB6-B1F42473BDE4}.Debug|Any CPU.Build.0 = Debug|Any CPU
		{FE44CB6C-91E3-432E-BCB6-B1F42473BDE4}.Release|Any CPU.ActiveCfg = Release|Any CPU
		{FE44CB6C-91E3-432E-BCB6-B1F42473BDE4}.Release|Any CPU.Build.0 = Release|Any CPU
		{7E6CC788-BCB0-45C7-A26B-61CF0994FA2C}.Debug|Any CPU.ActiveCfg = Debug|Any CPU
		{7E6CC788-BCB0-45C7-A26B-61CF0994FA2C}.Debug|Any CPU.Build.0 = Debug|Any CPU
		{7E6CC788-BCB0-45C7-A26B-61CF0994FA2C}.Release|Any CPU.ActiveCfg = Release|Any CPU
		{7E6CC788-BCB0-45C7-A26B-61CF0994FA2C}.Release|Any CPU.Build.0 = Release|Any CPU
		{48DEC75B-7908-4175-804A-2534557C1D04}.Debug|Any CPU.ActiveCfg = Debug|Any CPU
		{48DEC75B-7908-4175-804A-2534557C1D04}.Debug|Any CPU.Build.0 = Debug|Any CPU
		{48DEC75B-7908-4175-804A-2534557C1D04}.Release|Any CPU.ActiveCfg = Release|Any CPU
		{48DEC75B-7908-4175-804A-2534557C1D04}.Release|Any CPU.Build.0 = Release|Any CPU
		{47A9DFDE-55F8-4FF3-93DF-B765212BD4F0}.Debug|Any CPU.ActiveCfg = Debug|Any CPU
		{47A9DFDE-55F8-4FF3-93DF-B765212BD4F0}.Debug|Any CPU.Build.0 = Debug|Any CPU
		{47A9DFDE-55F8-4FF3-93DF-B765212BD4F0}.Release|Any CPU.ActiveCfg = Release|Any CPU
		{47A9DFDE-55F8-4FF3-93DF-B765212BD4F0}.Release|Any CPU.Build.0 = Release|Any CPU
		{4EE670E6-FE67-4D23-A7F2-BDCEF5F6439B}.Debug|Any CPU.ActiveCfg = Debug|Any CPU
		{4EE670E6-FE67-4D23-A7F2-BDCEF5F6439B}.Debug|Any CPU.Build.0 = Debug|Any CPU
		{4EE670E6-FE67-4D23-A7F2-BDCEF5F6439B}.Release|Any CPU.ActiveCfg = Release|Any CPU
		{4EE670E6-FE67-4D23-A7F2-BDCEF5F6439B}.Release|Any CPU.Build.0 = Release|Any CPU
		{AC2C4D20-F884-41BF-AFF6-4C93AE7D0B70}.Debug|Any CPU.ActiveCfg = Debug|Any CPU
		{AC2C4D20-F884-41BF-AFF6-4C93AE7D0B70}.Debug|Any CPU.Build.0 = Debug|Any CPU
		{AC2C4D20-F884-41BF-AFF6-4C93AE7D0B70}.Release|Any CPU.ActiveCfg = Release|Any CPU
		{AC2C4D20-F884-41BF-AFF6-4C93AE7D0B70}.Release|Any CPU.Build.0 = Release|Any CPU
		{35CDBF6C-B899-4DC5-84F2-19CC943B677B}.Debug|Any CPU.ActiveCfg = Debug|Any CPU
		{35CDBF6C-B899-4DC5-84F2-19CC943B677B}.Debug|Any CPU.Build.0 = Debug|Any CPU
		{35CDBF6C-B899-4DC5-84F2-19CC943B677B}.Release|Any CPU.ActiveCfg = Release|Any CPU
		{35CDBF6C-B899-4DC5-84F2-19CC943B677B}.Release|Any CPU.Build.0 = Release|Any CPU
		{17E582FA-2C55-4538-9645-109199FD633E}.Debug|Any CPU.ActiveCfg = Debug|Any CPU
		{17E582FA-2C55-4538-9645-109199FD633E}.Debug|Any CPU.Build.0 = Debug|Any CPU
		{17E582FA-2C55-4538-9645-109199FD633E}.Release|Any CPU.ActiveCfg = Release|Any CPU
		{17E582FA-2C55-4538-9645-109199FD633E}.Release|Any CPU.Build.0 = Release|Any CPU
		{6CD1B881-CDC1-41D5-86EC-8ECCBA67C814}.Debug|Any CPU.ActiveCfg = Debug|Any CPU
		{6CD1B881-CDC1-41D5-86EC-8ECCBA67C814}.Debug|Any CPU.Build.0 = Debug|Any CPU
		{6CD1B881-CDC1-41D5-86EC-8ECCBA67C814}.Release|Any CPU.ActiveCfg = Release|Any CPU
		{6CD1B881-CDC1-41D5-86EC-8ECCBA67C814}.Release|Any CPU.Build.0 = Release|Any CPU
		{789A0A23-4C99-4C90-8D05-7B5C2C19CC43}.Debug|Any CPU.ActiveCfg = Debug|Any CPU
		{789A0A23-4C99-4C90-8D05-7B5C2C19CC43}.Debug|Any CPU.Build.0 = Debug|Any CPU
		{789A0A23-4C99-4C90-8D05-7B5C2C19CC43}.Release|Any CPU.ActiveCfg = Release|Any CPU
		{789A0A23-4C99-4C90-8D05-7B5C2C19CC43}.Release|Any CPU.Build.0 = Release|Any CPU
		{64840F8F-9F0B-4BC2-9DBC-6B3CA011CBAC}.Debug|Any CPU.ActiveCfg = Debug|Any CPU
		{64840F8F-9F0B-4BC2-9DBC-6B3CA011CBAC}.Debug|Any CPU.Build.0 = Debug|Any CPU
		{64840F8F-9F0B-4BC2-9DBC-6B3CA011CBAC}.Release|Any CPU.ActiveCfg = Release|Any CPU
		{64840F8F-9F0B-4BC2-9DBC-6B3CA011CBAC}.Release|Any CPU.Build.0 = Release|Any CPU
		{5DA5FF1C-3148-4DAB-860E-D2C106473C74}.Debug|Any CPU.ActiveCfg = Debug|Any CPU
		{5DA5FF1C-3148-4DAB-860E-D2C106473C74}.Debug|Any CPU.Build.0 = Debug|Any CPU
		{5DA5FF1C-3148-4DAB-860E-D2C106473C74}.Release|Any CPU.ActiveCfg = Release|Any CPU
		{5DA5FF1C-3148-4DAB-860E-D2C106473C74}.Release|Any CPU.Build.0 = Release|Any CPU
		{29570B41-50F4-4CD6-BE9A-9DAE90E4B24E}.Debug|Any CPU.ActiveCfg = Debug|Any CPU
		{29570B41-50F4-4CD6-BE9A-9DAE90E4B24E}.Debug|Any CPU.Build.0 = Debug|Any CPU
		{29570B41-50F4-4CD6-BE9A-9DAE90E4B24E}.Release|Any CPU.ActiveCfg = Release|Any CPU
		{29570B41-50F4-4CD6-BE9A-9DAE90E4B24E}.Release|Any CPU.Build.0 = Release|Any CPU
		{155CCB36-0542-490B-BB9F-AEE337D0CBCB}.Debug|Any CPU.ActiveCfg = Debug|Any CPU
		{155CCB36-0542-490B-BB9F-AEE337D0CBCB}.Debug|Any CPU.Build.0 = Debug|Any CPU
		{155CCB36-0542-490B-BB9F-AEE337D0CBCB}.Release|Any CPU.ActiveCfg = Release|Any CPU
		{155CCB36-0542-490B-BB9F-AEE337D0CBCB}.Release|Any CPU.Build.0 = Release|Any CPU
		{6A09B221-00C2-4EB6-B445-8350F16B7297}.Debug|Any CPU.ActiveCfg = Debug|Any CPU
		{6A09B221-00C2-4EB6-B445-8350F16B7297}.Debug|Any CPU.Build.0 = Debug|Any CPU
		{6A09B221-00C2-4EB6-B445-8350F16B7297}.Release|Any CPU.ActiveCfg = Release|Any CPU
		{6A09B221-00C2-4EB6-B445-8350F16B7297}.Release|Any CPU.Build.0 = Release|Any CPU
		{8C849D28-52A1-43C4-A60C-B38FEED18F44}.Debug|Any CPU.ActiveCfg = Debug|Any CPU
		{8C849D28-52A1-43C4-A60C-B38FEED18F44}.Debug|Any CPU.Build.0 = Debug|Any CPU
		{8C849D28-52A1-43C4-A60C-B38FEED18F44}.Release|Any CPU.ActiveCfg = Release|Any CPU
		{8C849D28-52A1-43C4-A60C-B38FEED18F44}.Release|Any CPU.Build.0 = Release|Any CPU
		{220FEBC0-0B47-40C3-8374-0ADF686348AE}.Debug|Any CPU.ActiveCfg = Debug|Any CPU
		{220FEBC0-0B47-40C3-8374-0ADF686348AE}.Debug|Any CPU.Build.0 = Debug|Any CPU
		{220FEBC0-0B47-40C3-8374-0ADF686348AE}.Release|Any CPU.ActiveCfg = Release|Any CPU
		{220FEBC0-0B47-40C3-8374-0ADF686348AE}.Release|Any CPU.Build.0 = Release|Any CPU
		{342AE806-B104-4BF5-9C7D-D8F9DC3D36A0}.Debug|Any CPU.ActiveCfg = Debug|Any CPU
		{342AE806-B104-4BF5-9C7D-D8F9DC3D36A0}.Debug|Any CPU.Build.0 = Debug|Any CPU
		{342AE806-B104-4BF5-9C7D-D8F9DC3D36A0}.Release|Any CPU.ActiveCfg = Release|Any CPU
		{342AE806-B104-4BF5-9C7D-D8F9DC3D36A0}.Release|Any CPU.Build.0 = Release|Any CPU
		{A002FD0E-C056-4CE5-9E3B-C84EC089CBAB}.Debug|Any CPU.ActiveCfg = Debug|Any CPU
		{A002FD0E-C056-4CE5-9E3B-C84EC089CBAB}.Debug|Any CPU.Build.0 = Debug|Any CPU
		{A002FD0E-C056-4CE5-9E3B-C84EC089CBAB}.Release|Any CPU.ActiveCfg = Release|Any CPU
		{A002FD0E-C056-4CE5-9E3B-C84EC089CBAB}.Release|Any CPU.Build.0 = Release|Any CPU
		{BC8721A9-2CA1-4CEF-8CD4-1E0365D57678}.Debug|Any CPU.ActiveCfg = Debug|Any CPU
		{BC8721A9-2CA1-4CEF-8CD4-1E0365D57678}.Debug|Any CPU.Build.0 = Debug|Any CPU
		{BC8721A9-2CA1-4CEF-8CD4-1E0365D57678}.Release|Any CPU.ActiveCfg = Release|Any CPU
		{BC8721A9-2CA1-4CEF-8CD4-1E0365D57678}.Release|Any CPU.Build.0 = Release|Any CPU
		{7EBB3FDC-C42B-4E53-899C-CBF666E065B0}.Debug|Any CPU.ActiveCfg = Debug|Any CPU
		{7EBB3FDC-C42B-4E53-899C-CBF666E065B0}.Debug|Any CPU.Build.0 = Debug|Any CPU
		{7EBB3FDC-C42B-4E53-899C-CBF666E065B0}.Release|Any CPU.ActiveCfg = Release|Any CPU
		{7EBB3FDC-C42B-4E53-899C-CBF666E065B0}.Release|Any CPU.Build.0 = Release|Any CPU
		{AF5A46AF-7BCD-403C-BEB8-10BF22908D97}.Debug|Any CPU.ActiveCfg = Debug|Any CPU
		{AF5A46AF-7BCD-403C-BEB8-10BF22908D97}.Debug|Any CPU.Build.0 = Debug|Any CPU
		{AF5A46AF-7BCD-403C-BEB8-10BF22908D97}.Release|Any CPU.ActiveCfg = Release|Any CPU
		{AF5A46AF-7BCD-403C-BEB8-10BF22908D97}.Release|Any CPU.Build.0 = Release|Any CPU
		{76DAB80B-716A-4FC3-B192-78D4C3FDF214}.Debug|Any CPU.ActiveCfg = Debug|Any CPU
		{76DAB80B-716A-4FC3-B192-78D4C3FDF214}.Debug|Any CPU.Build.0 = Debug|Any CPU
		{76DAB80B-716A-4FC3-B192-78D4C3FDF214}.Release|Any CPU.ActiveCfg = Release|Any CPU
		{76DAB80B-716A-4FC3-B192-78D4C3FDF214}.Release|Any CPU.Build.0 = Release|Any CPU
		{FFC1061E-B1BF-4C40-9023-D515D1CE70FC}.Debug|Any CPU.ActiveCfg = Debug|Any CPU
		{FFC1061E-B1BF-4C40-9023-D515D1CE70FC}.Debug|Any CPU.Build.0 = Debug|Any CPU
		{FFC1061E-B1BF-4C40-9023-D515D1CE70FC}.Release|Any CPU.ActiveCfg = Release|Any CPU
		{FFC1061E-B1BF-4C40-9023-D515D1CE70FC}.Release|Any CPU.Build.0 = Release|Any CPU
	EndGlobalSection
	GlobalSection(SolutionProperties) = preSolution
		HideSolutionNode = FALSE
	EndGlobalSection
	GlobalSection(NestedProjects) = preSolution
		{00795A38-D0B2-4B9E-B910-C83CFB2B21BC} = {F5D97BF2-FACA-40C4-A4D9-A84207D7F22B}
		{0A9666C0-77A9-4A75-BE9C-F631F99DB905} = {00795A38-D0B2-4B9E-B910-C83CFB2B21BC}
		{4CD8BE4F-6422-4DA0-9202-C9AB97996EBD} = {00795A38-D0B2-4B9E-B910-C83CFB2B21BC}
		{3D107782-8E8C-4CB6-BB6F-91DBE3CC6373} = {00795A38-D0B2-4B9E-B910-C83CFB2B21BC}
		{35050BC6-1C48-454A-A139-957F30D65BCA} = {00795A38-D0B2-4B9E-B910-C83CFB2B21BC}
		{287FBDAE-8EEA-4E42-86AC-55C9E6142777} = {FE74F7DA-02BD-4745-A298-83ACC3EC5033}
		{FAAB399E-39EE-4E3B-85C6-396AA833820E} = {F5D97BF2-FACA-40C4-A4D9-A84207D7F22B}
		{D127C54C-807A-4E5D-8797-55B27E173224} = {FAAB399E-39EE-4E3B-85C6-396AA833820E}
		{84337E84-9875-4D54-A4D8-8DC223BE7701} = {FAAB399E-39EE-4E3B-85C6-396AA833820E}
		{F74388E4-D9D5-466B-97FB-FB4C1807CD1D} = {F5D97BF2-FACA-40C4-A4D9-A84207D7F22B}
		{C1A43993-375E-4364-9F7F-0C85120E44AB} = {F74388E4-D9D5-466B-97FB-FB4C1807CD1D}
		{FE44CB6C-91E3-432E-BCB6-B1F42473BDE4} = {F74388E4-D9D5-466B-97FB-FB4C1807CD1D}
		{7E6CC788-BCB0-45C7-A26B-61CF0994FA2C} = {F74388E4-D9D5-466B-97FB-FB4C1807CD1D}
		{48DEC75B-7908-4175-804A-2534557C1D04} = {F74388E4-D9D5-466B-97FB-FB4C1807CD1D}
		{5EC1E687-65ED-4609-AB7D-31FCD28C03E2} = {F5D97BF2-FACA-40C4-A4D9-A84207D7F22B}
		{47A9DFDE-55F8-4FF3-93DF-B765212BD4F0} = {5EC1E687-65ED-4609-AB7D-31FCD28C03E2}
		{4EE670E6-FE67-4D23-A7F2-BDCEF5F6439B} = {5EC1E687-65ED-4609-AB7D-31FCD28C03E2}
		{AC2C4D20-F884-41BF-AFF6-4C93AE7D0B70} = {5EC1E687-65ED-4609-AB7D-31FCD28C03E2}
		{35CDBF6C-B899-4DC5-84F2-19CC943B677B} = {5EC1E687-65ED-4609-AB7D-31FCD28C03E2}
		{17E582FA-2C55-4538-9645-109199FD633E} = {E16733AA-3326-4E74-A8A5-960CD34A0825}
		{171A0FB6-F22F-46DC-8D7B-428E284974A7} = {F5D97BF2-FACA-40C4-A4D9-A84207D7F22B}
		{6CD1B881-CDC1-41D5-86EC-8ECCBA67C814} = {171A0FB6-F22F-46DC-8D7B-428E284974A7}
		{789A0A23-4C99-4C90-8D05-7B5C2C19CC43} = {171A0FB6-F22F-46DC-8D7B-428E284974A7}
		{64840F8F-9F0B-4BC2-9DBC-6B3CA011CBAC} = {171A0FB6-F22F-46DC-8D7B-428E284974A7}
		{5DA5FF1C-3148-4DAB-860E-D2C106473C74} = {171A0FB6-F22F-46DC-8D7B-428E284974A7}
		{4A3A6185-8926-4B21-A91A-C32706A410B2} = {F5D97BF2-FACA-40C4-A4D9-A84207D7F22B}
		{29570B41-50F4-4CD6-BE9A-9DAE90E4B24E} = {4A3A6185-8926-4B21-A91A-C32706A410B2}
		{155CCB36-0542-490B-BB9F-AEE337D0CBCB} = {4A3A6185-8926-4B21-A91A-C32706A410B2}
		{6A09B221-00C2-4EB6-B445-8350F16B7297} = {4A3A6185-8926-4B21-A91A-C32706A410B2}
		{8C849D28-52A1-43C4-A60C-B38FEED18F44} = {4A3A6185-8926-4B21-A91A-C32706A410B2}
		{DAB753D2-1A79-46FE-9C10-BFF3D002FF03} = {F5D97BF2-FACA-40C4-A4D9-A84207D7F22B}
		{220FEBC0-0B47-40C3-8374-0ADF686348AE} = {DAB753D2-1A79-46FE-9C10-BFF3D002FF03}
		{342AE806-B104-4BF5-9C7D-D8F9DC3D36A0} = {DAB753D2-1A79-46FE-9C10-BFF3D002FF03}
		{A002FD0E-C056-4CE5-9E3B-C84EC089CBAB} = {DAB753D2-1A79-46FE-9C10-BFF3D002FF03}
		{BC8721A9-2CA1-4CEF-8CD4-1E0365D57678} = {DAB753D2-1A79-46FE-9C10-BFF3D002FF03}
		{7EBB3FDC-C42B-4E53-899C-CBF666E065B0} = {FE74F7DA-02BD-4745-A298-83ACC3EC5033}
		{AF5A46AF-7BCD-403C-BEB8-10BF22908D97} = {DAB753D2-1A79-46FE-9C10-BFF3D002FF03}
		{76DAB80B-716A-4FC3-B192-78D4C3FDF214} = {FE74F7DA-02BD-4745-A298-83ACC3EC5033}
		{FFC1061E-B1BF-4C40-9023-D515D1CE70FC} = {F41DD400-28F3-4EF9-87B0-881CBE537859}
	EndGlobalSection
	GlobalSection(ExtensibilityGlobals) = postSolution
		SolutionGuid = {97D5426D-3571-42A3-AB54-D00EFDE451D0}
	EndGlobalSection
EndGlobal
